
Microsoft Visual Studio Solution File, Format Version 12.00
Project("{FAE04EC0-301F-11D3-BF4B-00C04F79EFBC}") = "PiCalculator", "PiCalculator\PiCalculator.csproj", "{3899D945-9C63-4BBA-B09D-A4D472021FB9}"
EndProject
Project("{FAE04EC0-301F-11D3-BF4B-00C04F79EFBC}") = "PiCalculator.Hardware", "PiCalculator.Hardware\PiCalculator.Hardware.csproj", "{5F68F5B5-7435-4903-BB65-548CA63F1254}"
EndProject
Project("{FAE04EC0-301F-11D3-BF4B-00C04F79EFBC}") = "PiCalculator.Graphics", "PiCalculator.Graphics\PiCalculator.Graphics.csproj", "{9D9B7BC4-39E6-447B-B724-7134CFF4AE74}"
EndProject
Global
	GlobalSection(SolutionConfigurationPlatforms) = preSolution
		Debug|Any CPU = Debug|Any CPU
		Release|Any CPU = Release|Any CPU
	EndGlobalSection
	GlobalSection(ProjectConfigurationPlatforms) = postSolution
		{3899D945-9C63-4BBA-B09D-A4D472021FB9}.Debug|Any CPU.ActiveCfg = Debug|Any CPU
		{3899D945-9C63-4BBA-B09D-A4D472021FB9}.Debug|Any CPU.Build.0 = Debug|Any CPU
		{3899D945-9C63-4BBA-B09D-A4D472021FB9}.Release|Any CPU.ActiveCfg = Release|Any CPU
		{3899D945-9C63-4BBA-B09D-A4D472021FB9}.Release|Any CPU.Build.0 = Release|Any CPU
		{5F68F5B5-7435-4903-BB65-548CA63F1254}.Debug|Any CPU.ActiveCfg = Debug|Any CPU
		{5F68F5B5-7435-4903-BB65-548CA63F1254}.Debug|Any CPU.Build.0 = Debug|Any CPU
		{5F68F5B5-7435-4903-BB65-548CA63F1254}.Release|Any CPU.ActiveCfg = Release|Any CPU
		{5F68F5B5-7435-4903-BB65-548CA63F1254}.Release|Any CPU.Build.0 = Release|Any CPU
		{9D9B7BC4-39E6-447B-B724-7134CFF4AE74}.Debug|Any CPU.ActiveCfg = Debug|Any CPU
		{9D9B7BC4-39E6-447B-B724-7134CFF4AE74}.Debug|Any CPU.Build.0 = Debug|Any CPU
		{9D9B7BC4-39E6-447B-B724-7134CFF4AE74}.Release|Any CPU.ActiveCfg = Release|Any CPU
		{9D9B7BC4-39E6-447B-B724-7134CFF4AE74}.Release|Any CPU.Build.0 = Release|Any CPU
	EndGlobalSection
EndGlobal
